
Microsoft Visual Studio Solution File, Format Version 12.00
# Visual Studio 14
VisualStudioVersion = 14.0.24720.0
MinimumVisualStudioVersion = 10.0.40219.1
Project("{2150E333-8FDC-42A3-9474-1A3956D46DE8}") = "src", "src", "{2DCA921F-96D4-4871-9FB1-4CE87B750EDE}"
EndProject
Project("{2150E333-8FDC-42A3-9474-1A3956D46DE8}") = "Solution Items", "Solution Items", "{95A5E889-F537-4810-8867-7DB616F23BD8}"
	ProjectSection(SolutionItems) = preProject
		global.json = global.json
	EndProjectSection
EndProject
Project("{8BB2217D-0F2D-49D1-97BC-3654ED321F3B}") = "WebApplication1", "src\WebApplication1\WebApplication1.xproj", "{8ACECB1C-F037-4420-A724-C4588A5F42EB}"
EndProject
Global
	GlobalSection(SolutionConfigurationPlatforms) = preSolution
		Debug|Any CPU = Debug|Any CPU
		Release|Any CPU = Release|Any CPU
	EndGlobalSection
	GlobalSection(ProjectConfigurationPlatforms) = postSolution
		{8ACECB1C-F037-4420-A724-C4588A5F42EB}.Debug|Any CPU.ActiveCfg = Debug|Any CPU
		{8ACECB1C-F037-4420-A724-C4588A5F42EB}.Debug|Any CPU.Build.0 = Debug|Any CPU
		{8ACECB1C-F037-4420-A724-C4588A5F42EB}.Release|Any CPU.ActiveCfg = Release|Any CPU
		{8ACECB1C-F037-4420-A724-C4588A5F42EB}.Release|Any CPU.Build.0 = Release|Any CPU
	EndGlobalSection
	GlobalSection(SolutionProperties) = preSolution
		HideSolutionNode = FALSE
	EndGlobalSection
	GlobalSection(NestedProjects) = preSolution
		{8ACECB1C-F037-4420-A724-C4588A5F42EB} = {2DCA921F-96D4-4871-9FB1-4CE87B750EDE}
	EndGlobalSection
EndGlobal
